// !$*UTF8*$!
{
	archiveVersion = 1;
	classes = {
	};
	objectVersion = 55;
	objects = {

/* Begin PBXBuildFile section */
		2028CC3B2A58578F00E11C22 /* AppDelegate.swift in Sources */ = {isa = PBXBuildFile; fileRef = 2028CC3A2A58578F00E11C22 /* AppDelegate.swift */; };
		2028CC3D2A58578F00E11C22 /* SceneDelegate.swift in Sources */ = {isa = PBXBuildFile; fileRef = 2028CC3C2A58578F00E11C22 /* SceneDelegate.swift */; };
		2028CC3F2A58578F00E11C22 /* ViewController.swift in Sources */ = {isa = PBXBuildFile; fileRef = 2028CC3E2A58578F00E11C22 /* ViewController.swift */; };
		2028CC422A58578F00E11C22 /* Main.storyboard in Resources */ = {isa = PBXBuildFile; fileRef = 2028CC402A58578F00E11C22 /* Main.storyboard */; };
		2028CC452A58578F00E11C22 /* Globel_School.xcdatamodeld in Sources */ = {isa = PBXBuildFile; fileRef = 2028CC432A58578F00E11C22 /* Globel_School.xcdatamodeld */; };
		2028CC472A58579000E11C22 /* Assets.xcassets in Resources */ = {isa = PBXBuildFile; fileRef = 2028CC462A58579000E11C22 /* Assets.xcassets */; };
		2028CC4A2A58579000E11C22 /* LaunchScreen.storyboard in Resources */ = {isa = PBXBuildFile; fileRef = 2028CC482A58579000E11C22 /* LaunchScreen.storyboard */; };
		2028CC552A58579100E11C22 /* Globel_SchoolTests.swift in Sources */ = {isa = PBXBuildFile; fileRef = 2028CC542A58579100E11C22 /* Globel_SchoolTests.swift */; };
		2028CC5F2A58579100E11C22 /* Globel_SchoolUITests.swift in Sources */ = {isa = PBXBuildFile; fileRef = 2028CC5E2A58579100E11C22 /* Globel_SchoolUITests.swift */; };
		2028CC612A58579100E11C22 /* Globel_SchoolUITestsLaunchTests.swift in Sources */ = {isa = PBXBuildFile; fileRef = 2028CC602A58579100E11C22 /* Globel_SchoolUITestsLaunchTests.swift */; };
		2028CC6E2A58597700E11C22 /* Reachability.swift in Sources */ = {isa = PBXBuildFile; fileRef = 2028CC6D2A58597700E11C22 /* Reachability.swift */; };
		2028CC762A5886AA00E11C22 /* NetworkErrorViewController.swift in Sources */ = {isa = PBXBuildFile; fileRef = 2028CC752A5886AA00E11C22 /* NetworkErrorViewController.swift */; };
		2028CC7E2A5F33DA00E11C22 /* NotificationService.swift in Sources */ = {isa = PBXBuildFile; fileRef = 2028CC7D2A5F33DA00E11C22 /* NotificationService.swift */; };
		2028CC822A5F33DA00E11C22 /* OneSignalNotificationServiceExtension.appex in Embed App Extensions */ = {isa = PBXBuildFile; fileRef = 2028CC7B2A5F33DA00E11C22 /* OneSignalNotificationServiceExtension.appex */; settings = {ATTRIBUTES = (RemoveHeadersOnCopy, ); }; };
		2028CC8C2A5F365700E11C22 /* OneSignal in Frameworks */ = {isa = PBXBuildFile; productRef = 2028CC8B2A5F365700E11C22 /* OneSignal */; };
		2028CC8E2A5F365700E11C22 /* OneSignalExtension in Frameworks */ = {isa = PBXBuildFile; productRef = 2028CC8D2A5F365700E11C22 /* OneSignalExtension */; };
/* End PBXBuildFile section */

/* Begin PBXContainerItemProxy section */
		2028CC512A58579100E11C22 /* PBXContainerItemProxy */ = {
			isa = PBXContainerItemProxy;
			containerPortal = 2028CC2F2A58578F00E11C22 /* Project object */;
			proxyType = 1;
			remoteGlobalIDString = 2028CC362A58578F00E11C22;
			remoteInfo = "Globel School";
		};
		2028CC5B2A58579100E11C22 /* PBXContainerItemProxy */ = {
			isa = PBXContainerItemProxy;
			containerPortal = 2028CC2F2A58578F00E11C22 /* Project object */;
			proxyType = 1;
			remoteGlobalIDString = 2028CC362A58578F00E11C22;
			remoteInfo = "Globel School";
		};
		2028CC802A5F33DA00E11C22 /* PBXContainerItemProxy */ = {
			isa = PBXContainerItemProxy;
			containerPortal = 2028CC2F2A58578F00E11C22 /* Project object */;
			proxyType = 1;
			remoteGlobalIDString = 2028CC7A2A5F33DA00E11C22;
			remoteInfo = OneSignalNotificationServiceExtension;
		};
/* End PBXContainerItemProxy section */

/* Begin PBXCopyFilesBuildPhase section */
		2028CC862A5F33DA00E11C22 /* Embed App Extensions */ = {
			isa = PBXCopyFilesBuildPhase;
			buildActionMask = 2147483647;
			dstPath = "";
			dstSubfolderSpec = 13;
			files = (
				2028CC822A5F33DA00E11C22 /* OneSignalNotificationServiceExtension.appex in Embed App Extensions */,
			);
			name = "Embed App Extensions";
			runOnlyForDeploymentPostprocessing = 0;
		};
/* End PBXCopyFilesBuildPhase section */

/* Begin PBXFileReference section */
		2028CC372A58578F00E11C22 /* Globel School.app */ = {isa = PBXFileReference; explicitFileType = wrapper.application; includeInIndex = 0; path = "Globel School.app"; sourceTree = BUILT_PRODUCTS_DIR; };
		2028CC3A2A58578F00E11C22 /* AppDelegate.swift */ = {isa = PBXFileReference; lastKnownFileType = sourcecode.swift; path = AppDelegate.swift; sourceTree = "<group>"; };
		2028CC3C2A58578F00E11C22 /* SceneDelegate.swift */ = {isa = PBXFileReference; lastKnownFileType = sourcecode.swift; path = SceneDelegate.swift; sourceTree = "<group>"; };
		2028CC3E2A58578F00E11C22 /* ViewController.swift */ = {isa = PBXFileReference; lastKnownFileType = sourcecode.swift; path = ViewController.swift; sourceTree = "<group>"; };
		2028CC412A58578F00E11C22 /* Base */ = {isa = PBXFileReference; lastKnownFileType = file.storyboard; name = Base; path = Base.lproj/Main.storyboard; sourceTree = "<group>"; };
		2028CC442A58578F00E11C22 /* Globel_School.xcdatamodel */ = {isa = PBXFileReference; lastKnownFileType = wrapper.xcdatamodel; path = Globel_School.xcdatamodel; sourceTree = "<group>"; };
		2028CC462A58579000E11C22 /* Assets.xcassets */ = {isa = PBXFileReference; lastKnownFileType = folder.assetcatalog; path = Assets.xcassets; sourceTree = "<group>"; };
		2028CC492A58579000E11C22 /* Base */ = {isa = PBXFileReference; lastKnownFileType = file.storyboard; name = Base; path = Base.lproj/LaunchScreen.storyboard; sourceTree = "<group>"; };
		2028CC4B2A58579000E11C22 /* Info.plist */ = {isa = PBXFileReference; lastKnownFileType = text.plist.xml; path = Info.plist; sourceTree = "<group>"; };
		2028CC502A58579100E11C22 /* Globel SchoolTests.xctest */ = {isa = PBXFileReference; explicitFileType = wrapper.cfbundle; includeInIndex = 0; path = "Globel SchoolTests.xctest"; sourceTree = BUILT_PRODUCTS_DIR; };
		2028CC542A58579100E11C22 /* Globel_SchoolTests.swift */ = {isa = PBXFileReference; lastKnownFileType = sourcecode.swift; path = Globel_SchoolTests.swift; sourceTree = "<group>"; };
		2028CC5A2A58579100E11C22 /* Globel SchoolUITests.xctest */ = {isa = PBXFileReference; explicitFileType = wrapper.cfbundle; includeInIndex = 0; path = "Globel SchoolUITests.xctest"; sourceTree = BUILT_PRODUCTS_DIR; };
		2028CC5E2A58579100E11C22 /* Globel_SchoolUITests.swift */ = {isa = PBXFileReference; lastKnownFileType = sourcecode.swift; path = Globel_SchoolUITests.swift; sourceTree = "<group>"; };
		2028CC602A58579100E11C22 /* Globel_SchoolUITestsLaunchTests.swift */ = {isa = PBXFileReference; lastKnownFileType = sourcecode.swift; path = Globel_SchoolUITestsLaunchTests.swift; sourceTree = "<group>"; };
		2028CC6D2A58597700E11C22 /* Reachability.swift */ = {isa = PBXFileReference; fileEncoding = 4; lastKnownFileType = sourcecode.swift; path = Reachability.swift; sourceTree = "<group>"; };
		2028CC752A5886AA00E11C22 /* NetworkErrorViewController.swift */ = {isa = PBXFileReference; lastKnownFileType = sourcecode.swift; path = NetworkErrorViewController.swift; sourceTree = "<group>"; };
		2028CC7B2A5F33DA00E11C22 /* OneSignalNotificationServiceExtension.appex */ = {isa = PBXFileReference; explicitFileType = "wrapper.app-extension"; includeInIndex = 0; path = OneSignalNotificationServiceExtension.appex; sourceTree = BUILT_PRODUCTS_DIR; };
		2028CC7D2A5F33DA00E11C22 /* NotificationService.swift */ = {isa = PBXFileReference; lastKnownFileType = sourcecode.swift; path = NotificationService.swift; sourceTree = "<group>"; };
		2028CC7F2A5F33DA00E11C22 /* Info.plist */ = {isa = PBXFileReference; lastKnownFileType = text.plist.xml; path = Info.plist; sourceTree = "<group>"; };
		2028CC8F2A5F37DB00E11C22 /* Globel School.entitlements */ = {isa = PBXFileReference; lastKnownFileType = text.plist.entitlements; path = "Globel School.entitlements"; sourceTree = "<group>"; };
/* End PBXFileReference section */

/* Begin PBXFrameworksBuildPhase section */
		2028CC342A58578F00E11C22 /* Frameworks */ = {
			isa = PBXFrameworksBuildPhase;
			buildActionMask = 2147483647;
			files = (
				2028CC8C2A5F365700E11C22 /* OneSignal in Frameworks */,
				2028CC8E2A5F365700E11C22 /* OneSignalExtension in Frameworks */,
			);
			runOnlyForDeploymentPostprocessing = 0;
		};
		2028CC4D2A58579100E11C22 /* Frameworks */ = {
			isa = PBXFrameworksBuildPhase;
			buildActionMask = 2147483647;
			files = (
			);
			runOnlyForDeploymentPostprocessing = 0;
		};
		2028CC572A58579100E11C22 /* Frameworks */ = {
			isa = PBXFrameworksBuildPhase;
			buildActionMask = 2147483647;
			files = (
			);
			runOnlyForDeploymentPostprocessing = 0;
		};
		2028CC782A5F33DA00E11C22 /* Frameworks */ = {
			isa = PBXFrameworksBuildPhase;
			buildActionMask = 2147483647;
			files = (
			);
			runOnlyForDeploymentPostprocessing = 0;
		};
/* End PBXFrameworksBuildPhase section */

/* Begin PBXGroup section */
		2028CC2E2A58578F00E11C22 = {
			isa = PBXGroup;
			children = (
				2028CC392A58578F00E11C22 /* Globel School */,
				2028CC532A58579100E11C22 /* Globel SchoolTests */,
				2028CC5D2A58579100E11C22 /* Globel SchoolUITests */,
				2028CC7C2A5F33DA00E11C22 /* OneSignalNotificationServiceExtension */,
				2028CC382A58578F00E11C22 /* Products */,
			);
			sourceTree = "<group>";
		};
		2028CC382A58578F00E11C22 /* Products */ = {
			isa = PBXGroup;
			children = (
				2028CC372A58578F00E11C22 /* Globel School.app */,
				2028CC502A58579100E11C22 /* Globel SchoolTests.xctest */,
				2028CC5A2A58579100E11C22 /* Globel SchoolUITests.xctest */,
				2028CC7B2A5F33DA00E11C22 /* OneSignalNotificationServiceExtension.appex */,
			);
			name = Products;
			sourceTree = "<group>";
		};
		2028CC392A58578F00E11C22 /* Globel School */ = {
			isa = PBXGroup;
			children = (
				2028CC8F2A5F37DB00E11C22 /* Globel School.entitlements */,
				2028CC6D2A58597700E11C22 /* Reachability.swift */,
				2028CC3A2A58578F00E11C22 /* AppDelegate.swift */,
				2028CC3C2A58578F00E11C22 /* SceneDelegate.swift */,
				2028CC3E2A58578F00E11C22 /* ViewController.swift */,
				2028CC402A58578F00E11C22 /* Main.storyboard */,
				2028CC462A58579000E11C22 /* Assets.xcassets */,
				2028CC482A58579000E11C22 /* LaunchScreen.storyboard */,
				2028CC4B2A58579000E11C22 /* Info.plist */,
				2028CC432A58578F00E11C22 /* Globel_School.xcdatamodeld */,
				2028CC752A5886AA00E11C22 /* NetworkErrorViewController.swift */,
			);
			path = "Globel School";
			sourceTree = "<group>";
		};
		2028CC532A58579100E11C22 /* Globel SchoolTests */ = {
			isa = PBXGroup;
			children = (
				2028CC542A58579100E11C22 /* Globel_SchoolTests.swift */,
			);
			path = "Globel SchoolTests";
			sourceTree = "<group>";
		};
		2028CC5D2A58579100E11C22 /* Globel SchoolUITests */ = {
			isa = PBXGroup;
			children = (
				2028CC5E2A58579100E11C22 /* Globel_SchoolUITests.swift */,
				2028CC602A58579100E11C22 /* Globel_SchoolUITestsLaunchTests.swift */,
			);
			path = "Globel SchoolUITests";
			sourceTree = "<group>";
		};
		2028CC7C2A5F33DA00E11C22 /* OneSignalNotificationServiceExtension */ = {
			isa = PBXGroup;
			children = (
				2028CC7D2A5F33DA00E11C22 /* NotificationService.swift */,
				2028CC7F2A5F33DA00E11C22 /* Info.plist */,
			);
			path = OneSignalNotificationServiceExtension;
			sourceTree = "<group>";
		};
/* End PBXGroup section */

/* Begin PBXNativeTarget section */
		2028CC362A58578F00E11C22 /* Globel School */ = {
			isa = PBXNativeTarget;
			buildConfigurationList = 2028CC642A58579100E11C22 /* Build configuration list for PBXNativeTarget "Globel School" */;
			buildPhases = (
				2028CC332A58578F00E11C22 /* Sources */,
				2028CC342A58578F00E11C22 /* Frameworks */,
				2028CC352A58578F00E11C22 /* Resources */,
				2028CC862A5F33DA00E11C22 /* Embed App Extensions */,
			);
			buildRules = (
			);
			dependencies = (
				2028CC812A5F33DA00E11C22 /* PBXTargetDependency */,
			);
			name = "Globel School";
			packageProductDependencies = (
				2028CC8B2A5F365700E11C22 /* OneSignal */,
				2028CC8D2A5F365700E11C22 /* OneSignalExtension */,
			);
			productName = "Globel School";
			productReference = 2028CC372A58578F00E11C22 /* Globel School.app */;
			productType = "com.apple.product-type.application";
		};
		2028CC4F2A58579100E11C22 /* Globel SchoolTests */ = {
			isa = PBXNativeTarget;
			buildConfigurationList = 2028CC672A58579100E11C22 /* Build configuration list for PBXNativeTarget "Globel SchoolTests" */;
			buildPhases = (
				2028CC4C2A58579100E11C22 /* Sources */,
				2028CC4D2A58579100E11C22 /* Frameworks */,
				2028CC4E2A58579100E11C22 /* Resources */,
			);
			buildRules = (
			);
			dependencies = (
				2028CC522A58579100E11C22 /* PBXTargetDependency */,
			);
			name = "Globel SchoolTests";
			productName = "Globel SchoolTests";
			productReference = 2028CC502A58579100E11C22 /* Globel SchoolTests.xctest */;
			productType = "com.apple.product-type.bundle.unit-test";
		};
		2028CC592A58579100E11C22 /* Globel SchoolUITests */ = {
			isa = PBXNativeTarget;
			buildConfigurationList = 2028CC6A2A58579100E11C22 /* Build configuration list for PBXNativeTarget "Globel SchoolUITests" */;
			buildPhases = (
				2028CC562A58579100E11C22 /* Sources */,
				2028CC572A58579100E11C22 /* Frameworks */,
				2028CC582A58579100E11C22 /* Resources */,
			);
			buildRules = (
			);
			dependencies = (
				2028CC5C2A58579100E11C22 /* PBXTargetDependency */,
			);
			name = "Globel SchoolUITests";
			productName = "Globel SchoolUITests";
			productReference = 2028CC5A2A58579100E11C22 /* Globel SchoolUITests.xctest */;
			productType = "com.apple.product-type.bundle.ui-testing";
		};
		2028CC7A2A5F33DA00E11C22 /* OneSignalNotificationServiceExtension */ = {
			isa = PBXNativeTarget;
			buildConfigurationList = 2028CC832A5F33DA00E11C22 /* Build configuration list for PBXNativeTarget "OneSignalNotificationServiceExtension" */;
			buildPhases = (
				2028CC772A5F33DA00E11C22 /* Sources */,
				2028CC782A5F33DA00E11C22 /* Frameworks */,
				2028CC792A5F33DA00E11C22 /* Resources */,
			);
			buildRules = (
			);
			dependencies = (
			);
			name = OneSignalNotificationServiceExtension;
			productName = OneSignalNotificationServiceExtension;
			productReference = 2028CC7B2A5F33DA00E11C22 /* OneSignalNotificationServiceExtension.appex */;
			productType = "com.apple.product-type.app-extension";
		};
/* End PBXNativeTarget section */

/* Begin PBXProject section */
		2028CC2F2A58578F00E11C22 /* Project object */ = {
			isa = PBXProject;
			attributes = {
				BuildIndependentTargetsInParallel = 1;
				LastSwiftUpdateCheck = 1320;
				LastUpgradeCheck = 1320;
				TargetAttributes = {
					2028CC362A58578F00E11C22 = {
						CreatedOnToolsVersion = 13.2;
					};
					2028CC4F2A58579100E11C22 = {
						CreatedOnToolsVersion = 13.2;
						TestTargetID = 2028CC362A58578F00E11C22;
					};
					2028CC592A58579100E11C22 = {
						CreatedOnToolsVersion = 13.2;
						TestTargetID = 2028CC362A58578F00E11C22;
					};
					2028CC7A2A5F33DA00E11C22 = {
						CreatedOnToolsVersion = 13.2;
					};
				};
			};
			buildConfigurationList = 2028CC322A58578F00E11C22 /* Build configuration list for PBXProject "Globel School" */;
			compatibilityVersion = "Xcode 13.0";
			developmentRegion = en;
			hasScannedForEncodings = 0;
			knownRegions = (
				en,
				Base,
			);
			mainGroup = 2028CC2E2A58578F00E11C22;
			packageReferences = (
				2028CC8A2A5F365700E11C22 /* XCRemoteSwiftPackageReference "OneSignal-XCFramework" */,
			);
			productRefGroup = 2028CC382A58578F00E11C22 /* Products */;
			projectDirPath = "";
			projectRoot = "";
			targets = (
				2028CC362A58578F00E11C22 /* Globel School */,
				2028CC4F2A58579100E11C22 /* Globel SchoolTests */,
				2028CC592A58579100E11C22 /* Globel SchoolUITests */,
				2028CC7A2A5F33DA00E11C22 /* OneSignalNotificationServiceExtension */,
			);
		};
/* End PBXProject section */

/* Begin PBXResourcesBuildPhase section */
		2028CC352A58578F00E11C22 /* Resources */ = {
			isa = PBXResourcesBuildPhase;
			buildActionMask = 2147483647;
			files = (
				2028CC4A2A58579000E11C22 /* LaunchScreen.storyboard in Resources */,
				2028CC472A58579000E11C22 /* Assets.xcassets in Resources */,
				2028CC422A58578F00E11C22 /* Main.storyboard in Resources */,
			);
			runOnlyForDeploymentPostprocessing = 0;
		};
		2028CC4E2A58579100E11C22 /* Resources */ = {
			isa = PBXResourcesBuildPhase;
			buildActionMask = 2147483647;
			files = (
			);
			runOnlyForDeploymentPostprocessing = 0;
		};
		2028CC582A58579100E11C22 /* Resources */ = {
			isa = PBXResourcesBuildPhase;
			buildActionMask = 2147483647;
			files = (
			);
			runOnlyForDeploymentPostprocessing = 0;
		};
		2028CC792A5F33DA00E11C22 /* Resources */ = {
			isa = PBXResourcesBuildPhase;
			buildActionMask = 2147483647;
			files = (
			);
			runOnlyForDeploymentPostprocessing = 0;
		};
/* End PBXResourcesBuildPhase section */

/* Begin PBXSourcesBuildPhase section */
		2028CC332A58578F00E11C22 /* Sources */ = {
			isa = PBXSourcesBuildPhase;
			buildActionMask = 2147483647;
			files = (
				2028CC762A5886AA00E11C22 /* NetworkErrorViewController.swift in Sources */,
				2028CC3F2A58578F00E11C22 /* ViewController.swift in Sources */,
				2028CC3B2A58578F00E11C22 /* AppDelegate.swift in Sources */,
				2028CC452A58578F00E11C22 /* Globel_School.xcdatamodeld in Sources */,
				2028CC6E2A58597700E11C22 /* Reachability.swift in Sources */,
				2028CC3D2A58578F00E11C22 /* SceneDelegate.swift in Sources */,
			);
			runOnlyForDeploymentPostprocessing = 0;
		};
		2028CC4C2A58579100E11C22 /* Sources */ = {
			isa = PBXSourcesBuildPhase;
			buildActionMask = 2147483647;
			files = (
				2028CC552A58579100E11C22 /* Globel_SchoolTests.swift in Sources */,
			);
			runOnlyForDeploymentPostprocessing = 0;
		};
		2028CC562A58579100E11C22 /* Sources */ = {
			isa = PBXSourcesBuildPhase;
			buildActionMask = 2147483647;
			files = (
				2028CC5F2A58579100E11C22 /* Globel_SchoolUITests.swift in Sources */,
				2028CC612A58579100E11C22 /* Globel_SchoolUITestsLaunchTests.swift in Sources */,
			);
			runOnlyForDeploymentPostprocessing = 0;
		};
		2028CC772A5F33DA00E11C22 /* Sources */ = {
			isa = PBXSourcesBuildPhase;
			buildActionMask = 2147483647;
			files = (
				2028CC7E2A5F33DA00E11C22 /* NotificationService.swift in Sources */,
			);
			runOnlyForDeploymentPostprocessing = 0;
		};
/* End PBXSourcesBuildPhase section */

/* Begin PBXTargetDependency section */
		2028CC522A58579100E11C22 /* PBXTargetDependency */ = {
			isa = PBXTargetDependency;
			target = 2028CC362A58578F00E11C22 /* Globel School */;
			targetProxy = 2028CC512A58579100E11C22 /* PBXContainerItemProxy */;
		};
		2028CC5C2A58579100E11C22 /* PBXTargetDependency */ = {
			isa = PBXTargetDependency;
			target = 2028CC362A58578F00E11C22 /* Globel School */;
			targetProxy = 2028CC5B2A58579100E11C22 /* PBXContainerItemProxy */;
		};
		2028CC812A5F33DA00E11C22 /* PBXTargetDependency */ = {
			isa = PBXTargetDependency;
			target = 2028CC7A2A5F33DA00E11C22 /* OneSignalNotificationServiceExtension */;
			targetProxy = 2028CC802A5F33DA00E11C22 /* PBXContainerItemProxy */;
		};
/* End PBXTargetDependency section */

/* Begin PBXVariantGroup section */
		2028CC402A58578F00E11C22 /* Main.storyboard */ = {
			isa = PBXVariantGroup;
			children = (
				2028CC412A58578F00E11C22 /* Base */,
			);
			name = Main.storyboard;
			sourceTree = "<group>";
		};
		2028CC482A58579000E11C22 /* LaunchScreen.storyboard */ = {
			isa = PBXVariantGroup;
			children = (
				2028CC492A58579000E11C22 /* Base */,
			);
			name = LaunchScreen.storyboard;
			sourceTree = "<group>";
		};
/* End PBXVariantGroup section */

/* Begin XCBuildConfiguration section */
		2028CC622A58579100E11C22 /* Debug */ = {
			isa = XCBuildConfiguration;
			buildSettings = {
				ALWAYS_SEARCH_USER_PATHS = NO;
				CLANG_ANALYZER_NONNULL = YES;
				CLANG_ANALYZER_NUMBER_OBJECT_CONVERSION = YES_AGGRESSIVE;
				CLANG_CXX_LANGUAGE_STANDARD = "gnu++17";
				CLANG_CXX_LIBRARY = "libc++";
				CLANG_ENABLE_MODULES = YES;
				CLANG_ENABLE_OBJC_ARC = YES;
				CLANG_ENABLE_OBJC_WEAK = YES;
				CLANG_WARN_BLOCK_CAPTURE_AUTORELEASING = YES;
				CLANG_WARN_BOOL_CONVERSION = YES;
				CLANG_WARN_COMMA = YES;
				CLANG_WARN_CONSTANT_CONVERSION = YES;
				CLANG_WARN_DEPRECATED_OBJC_IMPLEMENTATIONS = YES;
				CLANG_WARN_DIRECT_OBJC_ISA_USAGE = YES_ERROR;
				CLANG_WARN_DOCUMENTATION_COMMENTS = YES;
				CLANG_WARN_EMPTY_BODY = YES;
				CLANG_WARN_ENUM_CONVERSION = YES;
				CLANG_WARN_INFINITE_RECURSION = YES;
				CLANG_WARN_INT_CONVERSION = YES;
				CLANG_WARN_NON_LITERAL_NULL_CONVERSION = YES;
				CLANG_WARN_OBJC_IMPLICIT_RETAIN_SELF = YES;
				CLANG_WARN_OBJC_LITERAL_CONVERSION = YES;
				CLANG_WARN_OBJC_ROOT_CLASS = YES_ERROR;
				CLANG_WARN_QUOTED_INCLUDE_IN_FRAMEWORK_HEADER = YES;
				CLANG_WARN_RANGE_LOOP_ANALYSIS = YES;
				CLANG_WARN_STRICT_PROTOTYPES = YES;
				CLANG_WARN_SUSPICIOUS_MOVE = YES;
				CLANG_WARN_UNGUARDED_AVAILABILITY = YES_AGGRESSIVE;
				CLANG_WARN_UNREACHABLE_CODE = YES;
				CLANG_WARN__DUPLICATE_METHOD_MATCH = YES;
				COPY_PHASE_STRIP = NO;
				DEBUG_INFORMATION_FORMAT = dwarf;
				ENABLE_STRICT_OBJC_MSGSEND = YES;
				ENABLE_TESTABILITY = YES;
				GCC_C_LANGUAGE_STANDARD = gnu11;
				GCC_DYNAMIC_NO_PIC = NO;
				GCC_NO_COMMON_BLOCKS = YES;
				GCC_OPTIMIZATION_LEVEL = 0;
				GCC_PREPROCESSOR_DEFINITIONS = (
					"DEBUG=1",
					"$(inherited)",
				);
				GCC_WARN_64_TO_32_BIT_CONVERSION = YES;
				GCC_WARN_ABOUT_RETURN_TYPE = YES_ERROR;
				GCC_WARN_UNDECLARED_SELECTOR = YES;
				GCC_WARN_UNINITIALIZED_AUTOS = YES_AGGRESSIVE;
				GCC_WARN_UNUSED_FUNCTION = YES;
				GCC_WARN_UNUSED_VARIABLE = YES;
				IPHONEOS_DEPLOYMENT_TARGET = 15.2;
				MTL_ENABLE_DEBUG_INFO = INCLUDE_SOURCE;
				MTL_FAST_MATH = YES;
				ONLY_ACTIVE_ARCH = YES;
				SDKROOT = iphoneos;
				SWIFT_ACTIVE_COMPILATION_CONDITIONS = DEBUG;
				SWIFT_OPTIMIZATION_LEVEL = "-Onone";
			};
			name = Debug;
		};
		2028CC632A58579100E11C22 /* Release */ = {
			isa = XCBuildConfiguration;
			buildSettings = {
				ALWAYS_SEARCH_USER_PATHS = NO;
				CLANG_ANALYZER_NONNULL = YES;
				CLANG_ANALYZER_NUMBER_OBJECT_CONVERSION = YES_AGGRESSIVE;
				CLANG_CXX_LANGUAGE_STANDARD = "gnu++17";
				CLANG_CXX_LIBRARY = "libc++";
				CLANG_ENABLE_MODULES = YES;
				CLANG_ENABLE_OBJC_ARC = YES;
				CLANG_ENABLE_OBJC_WEAK = YES;
				CLANG_WARN_BLOCK_CAPTURE_AUTORELEASING = YES;
				CLANG_WARN_BOOL_CONVERSION = YES;
				CLANG_WARN_COMMA = YES;
				CLANG_WARN_CONSTANT_CONVERSION = YES;
				CLANG_WARN_DEPRECATED_OBJC_IMPLEMENTATIONS = YES;
				CLANG_WARN_DIRECT_OBJC_ISA_USAGE = YES_ERROR;
				CLANG_WARN_DOCUMENTATION_COMMENTS = YES;
				CLANG_WARN_EMPTY_BODY = YES;
				CLANG_WARN_ENUM_CONVERSION = YES;
				CLANG_WARN_INFINITE_RECURSION = YES;
				CLANG_WARN_INT_CONVERSION = YES;
				CLANG_WARN_NON_LITERAL_NULL_CONVERSION = YES;
				CLANG_WARN_OBJC_IMPLICIT_RETAIN_SELF = YES;
				CLANG_WARN_OBJC_LITERAL_CONVERSION = YES;
				CLANG_WARN_OBJC_ROOT_CLASS = YES_ERROR;
				CLANG_WARN_QUOTED_INCLUDE_IN_FRAMEWORK_HEADER = YES;
				CLANG_WARN_RANGE_LOOP_ANALYSIS = YES;
				CLANG_WARN_STRICT_PROTOTYPES = YES;
				CLANG_WARN_SUSPICIOUS_MOVE = YES;
				CLANG_WARN_UNGUARDED_AVAILABILITY = YES_AGGRESSIVE;
				CLANG_WARN_UNREACHABLE_CODE = YES;
				CLANG_WARN__DUPLICATE_METHOD_MATCH = YES;
				COPY_PHASE_STRIP = NO;
				DEBUG_INFORMATION_FORMAT = "dwarf-with-dsym";
				ENABLE_NS_ASSERTIONS = NO;
				ENABLE_STRICT_OBJC_MSGSEND = YES;
				GCC_C_LANGUAGE_STANDARD = gnu11;
				GCC_NO_COMMON_BLOCKS = YES;
				GCC_WARN_64_TO_32_BIT_CONVERSION = YES;
				GCC_WARN_ABOUT_RETURN_TYPE = YES_ERROR;
				GCC_WARN_UNDECLARED_SELECTOR = YES;
				GCC_WARN_UNINITIALIZED_AUTOS = YES_AGGRESSIVE;
				GCC_WARN_UNUSED_FUNCTION = YES;
				GCC_WARN_UNUSED_VARIABLE = YES;
				IPHONEOS_DEPLOYMENT_TARGET = 15.2;
				MTL_ENABLE_DEBUG_INFO = NO;
				MTL_FAST_MATH = YES;
				SDKROOT = iphoneos;
				SWIFT_COMPILATION_MODE = wholemodule;
				SWIFT_OPTIMIZATION_LEVEL = "-O";
				VALIDATE_PRODUCT = YES;
			};
			name = Release;
		};
		2028CC652A58579100E11C22 /* Debug */ = {
			isa = XCBuildConfiguration;
			buildSettings = {
				ALWAYS_EMBED_SWIFT_STANDARD_LIBRARIES = YES;
				ASSETCATALOG_COMPILER_APPICON_NAME = AppIcon;
				ASSETCATALOG_COMPILER_GLOBAL_ACCENT_COLOR_NAME = AccentColor;
				CODE_SIGN_ENTITLEMENTS = "Globel School/Globel School.entitlements";
				CODE_SIGN_IDENTITY = "Apple Development";
				CODE_SIGN_STYLE = Automatic;
				CURRENT_PROJECT_VERSION = 1;
				DEVELOPMENT_TEAM = 56GC3J8RPS;
				GENERATE_INFOPLIST_FILE = YES;
				INFOPLIST_FILE = "Globel School/Info.plist";
				INFOPLIST_KEY_UIApplicationSupportsIndirectInputEvents = YES;
				INFOPLIST_KEY_UILaunchStoryboardName = LaunchScreen;
				INFOPLIST_KEY_UIMainStoryboardFile = Main;
				INFOPLIST_KEY_UISupportedInterfaceOrientations_iPad = "UIInterfaceOrientationPortrait UIInterfaceOrientationPortraitUpsideDown UIInterfaceOrientationLandscapeLeft UIInterfaceOrientationLandscapeRight";
				INFOPLIST_KEY_UISupportedInterfaceOrientations_iPhone = "UIInterfaceOrientationPortrait UIInterfaceOrientationLandscapeLeft UIInterfaceOrientationLandscapeRight";
				LD_RUNPATH_SEARCH_PATHS = (
					"$(inherited)",
					"@executable_path/Frameworks",
				);
				MARKETING_VERSION = 1.0;
				PRODUCT_BUNDLE_IDENTIFIER = "Haiv-Group.Globel-School";
				PRODUCT_NAME = "$(TARGET_NAME)";
				PROVISIONING_PROFILE_SPECIFIER = "";
				SWIFT_EMIT_LOC_STRINGS = YES;
				SWIFT_VERSION = 5.0;
				TARGETED_DEVICE_FAMILY = "1,2";
			};
			name = Debug;
		};
		2028CC662A58579100E11C22 /* Release */ = {
			isa = XCBuildConfiguration;
			buildSettings = {
				ALWAYS_EMBED_SWIFT_STANDARD_LIBRARIES = YES;
				ASSETCATALOG_COMPILER_APPICON_NAME = AppIcon;
				ASSETCATALOG_COMPILER_GLOBAL_ACCENT_COLOR_NAME = AccentColor;
				CODE_SIGN_ENTITLEMENTS = "Globel School/Globel School.entitlements";
				CODE_SIGN_IDENTITY = "Apple Development";
				CODE_SIGN_STYLE = Automatic;
				CURRENT_PROJECT_VERSION = 1;
				DEVELOPMENT_TEAM = 56GC3J8RPS;
				GENERATE_INFOPLIST_FILE = YES;
				INFOPLIST_FILE = "Globel School/Info.plist";
				INFOPLIST_KEY_UIApplicationSupportsIndirectInputEvents = YES;
				INFOPLIST_KEY_UILaunchStoryboardName = LaunchScreen;
				INFOPLIST_KEY_UIMainStoryboardFile = Main;
				INFOPLIST_KEY_UISupportedInterfaceOrientations_iPad = "UIInterfaceOrientationPortrait UIInterfaceOrientationPortraitUpsideDown UIInterfaceOrientationLandscapeLeft UIInterfaceOrientationLandscapeRight";
				INFOPLIST_KEY_UISupportedInterfaceOrientations_iPhone = "UIInterfaceOrientationPortrait UIInterfaceOrientationLandscapeLeft UIInterfaceOrientationLandscapeRight";
				LD_RUNPATH_SEARCH_PATHS = (
					"$(inherited)",
					"@executable_path/Frameworks",
				);
				MARKETING_VERSION = 1.0;
				PRODUCT_BUNDLE_IDENTIFIER = "Haiv-Group.Globel-School";
				PRODUCT_NAME = "$(TARGET_NAME)";
				PROVISIONING_PROFILE_SPECIFIER = "";
				SWIFT_EMIT_LOC_STRINGS = YES;
				SWIFT_VERSION = 5.0;
				TARGETED_DEVICE_FAMILY = "1,2";
			};
			name = Release;
		};
		2028CC682A58579100E11C22 /* Debug */ = {
			isa = XCBuildConfiguration;
			buildSettings = {
				ALWAYS_EMBED_SWIFT_STANDARD_LIBRARIES = YES;
				BUNDLE_LOADER = "$(TEST_HOST)";
				CODE_SIGN_STYLE = Automatic;
				CURRENT_PROJECT_VERSION = 1;
				GENERATE_INFOPLIST_FILE = YES;
				IPHONEOS_DEPLOYMENT_TARGET = 15.2;
				MARKETING_VERSION = 1.0;
				PRODUCT_BUNDLE_IDENTIFIER = "Haiv-Group.Globel-SchoolTests";
				PRODUCT_NAME = "$(TARGET_NAME)";
				SWIFT_EMIT_LOC_STRINGS = NO;
				SWIFT_VERSION = 5.0;
				TARGETED_DEVICE_FAMILY = "1,2";
				TEST_HOST = "$(BUILT_PRODUCTS_DIR)/Globel School.app/Globel School";
			};
			name = Debug;
		};
		2028CC692A58579100E11C22 /* Release */ = {
			isa = XCBuildConfiguration;
			buildSettings = {
				ALWAYS_EMBED_SWIFT_STANDARD_LIBRARIES = YES;
				BUNDLE_LOADER = "$(TEST_HOST)";
				CODE_SIGN_STYLE = Automatic;
				CURRENT_PROJECT_VERSION = 1;
				GENERATE_INFOPLIST_FILE = YES;
				IPHONEOS_DEPLOYMENT_TARGET = 15.2;
				MARKETING_VERSION = 1.0;
				PRODUCT_BUNDLE_IDENTIFIER = "Haiv-Group.Globel-SchoolTests";
				PRODUCT_NAME = "$(TARGET_NAME)";
				SWIFT_EMIT_LOC_STRINGS = NO;
				SWIFT_VERSION = 5.0;
				TARGETED_DEVICE_FAMILY = "1,2";
				TEST_HOST = "$(BUILT_PRODUCTS_DIR)/Globel School.app/Globel School";
			};
			name = Release;
		};
		2028CC6B2A58579100E11C22 /* Debug */ = {
			isa = XCBuildConfiguration;
			buildSettings = {
				ALWAYS_EMBED_SWIFT_STANDARD_LIBRARIES = YES;
				CODE_SIGN_STYLE = Automatic;
				CURRENT_PROJECT_VERSION = 1;
				GENERATE_INFOPLIST_FILE = YES;
				MARKETING_VERSION = 1.0;
				PRODUCT_BUNDLE_IDENTIFIER = "Haiv-Group.Globel-SchoolUITests";
				PRODUCT_NAME = "$(TARGET_NAME)";
				SWIFT_EMIT_LOC_STRINGS = NO;
				SWIFT_VERSION = 5.0;
				TARGETED_DEVICE_FAMILY = "1,2";
				TEST_TARGET_NAME = "Globel School";
			};
			name = Debug;
		};
		2028CC6C2A58579100E11C22 /* Release */ = {
			isa = XCBuildConfiguration;
			buildSettings = {
				ALWAYS_EMBED_SWIFT_STANDARD_LIBRARIES = YES;
				CODE_SIGN_STYLE = Automatic;
				CURRENT_PROJECT_VERSION = 1;
				GENERATE_INFOPLIST_FILE = YES;
				MARKETING_VERSION = 1.0;
				PRODUCT_BUNDLE_IDENTIFIER = "Haiv-Group.Globel-SchoolUITests";
				PRODUCT_NAME = "$(TARGET_NAME)";
				SWIFT_EMIT_LOC_STRINGS = NO;
				SWIFT_VERSION = 5.0;
				TARGETED_DEVICE_FAMILY = "1,2";
				TEST_TARGET_NAME = "Globel School";
			};
			name = Release;
		};
		2028CC842A5F33DA00E11C22 /* Debug */ = {
			isa = XCBuildConfiguration;
			buildSettings = {
				CODE_SIGN_IDENTITY = "Apple Development";
				CODE_SIGN_STYLE = Automatic;
				CURRENT_PROJECT_VERSION = 1;
				DEVELOPMENT_TEAM = 56GC3J8RPS;
				GENERATE_INFOPLIST_FILE = YES;
				INFOPLIST_FILE = OneSignalNotificationServiceExtension/Info.plist;
				INFOPLIST_KEY_CFBundleDisplayName = OneSignalNotificationServiceExtension;
				INFOPLIST_KEY_NSHumanReadableCopyright = "";
				LD_RUNPATH_SEARCH_PATHS = (
					"$(inherited)",
					"@executable_path/Frameworks",
					"@executable_path/../../Frameworks",
				);
				MARKETING_VERSION = 1.0;
				PRODUCT_BUNDLE_IDENTIFIER = "Haiv-Group.Globel-School.OneSignalNotificationServiceExtension";
				PRODUCT_NAME = "$(TARGET_NAME)";
				SKIP_INSTALL = YES;
				SWIFT_EMIT_LOC_STRINGS = YES;
				SWIFT_VERSION = 5.0;
				TARGETED_DEVICE_FAMILY = "1,2";
			};
			name = Debug;
		};
		2028CC852A5F33DA00E11C22 /* Release */ = {
			isa = XCBuildConfiguration;
			buildSettings = {
				CODE_SIGN_IDENTITY = "Apple Development";
				CODE_SIGN_STYLE = Automatic;
				CURRENT_PROJECT_VERSION = 1;
				DEVELOPMENT_TEAM = 56GC3J8RPS;
				GENERATE_INFOPLIST_FILE = YES;
				INFOPLIST_FILE = OneSignalNotificationServiceExtension/Info.plist;
				INFOPLIST_KEY_CFBundleDisplayName = OneSignalNotificationServiceExtension;
				INFOPLIST_KEY_NSHumanReadableCopyright = "";
				LD_RUNPATH_SEARCH_PATHS = (
					"$(inherited)",
					"@executable_path/Frameworks",
					"@executable_path/../../Frameworks",
				);
				MARKETING_VERSION = 1.0;
				PRODUCT_BUNDLE_IDENTIFIER = "Haiv-Group.Globel-School.OneSignalNotificationServiceExtension";
				PRODUCT_NAME = "$(TARGET_NAME)";
				SKIP_INSTALL = YES;
				SWIFT_EMIT_LOC_STRINGS = YES;
				SWIFT_VERSION = 5.0;
				TARGETED_DEVICE_FAMILY = "1,2";
			};
			name = Release;
		};
/* End XCBuildConfiguration section */

/* Begin XCConfigurationList section */
		2028CC322A58578F00E11C22 /* Build configuration list for PBXProject "Globel School" */ = {
			isa = XCConfigurationList;
			buildConfigurations = (
				2028CC622A58579100E11C22 /* Debug */,
				2028CC632A58579100E11C22 /* Release */,
			);
			defaultConfigurationIsVisible = 0;
			defaultConfigurationName = Release;
		};
		2028CC642A58579100E11C22 /* Build configuration list for PBXNativeTarget "Globel School" */ = {
			isa = XCConfigurationList;
			buildConfigurations = (
				2028CC652A58579100E11C22 /* Debug */,
				2028CC662A58579100E11C22 /* Release */,
			);
			defaultConfigurationIsVisible = 0;
			defaultConfigurationName = Release;
		};
		2028CC672A58579100E11C22 /* Build configuration list for PBXNativeTarget "Globel SchoolTests" */ = {
			isa = XCConfigurationList;
			buildConfigurations = (
				2028CC682A58579100E11C22 /* Debug */,
				2028CC692A58579100E11C22 /* Release */,
			);
			defaultConfigurationIsVisible = 0;
			defaultConfigurationName = Release;
		};
		2028CC6A2A58579100E11C22 /* Build configuration list for PBXNativeTarget "Globel SchoolUITests" */ = {
			isa = XCConfigurationList;
			buildConfigurations = (
				2028CC6B2A58579100E11C22 /* Debug */,
				2028CC6C2A58579100E11C22 /* Release */,
			);
			defaultConfigurationIsVisible = 0;
			defaultConfigurationName = Release;
		};
		2028CC832A5F33DA00E11C22 /* Build configuration list for PBXNativeTarget "OneSignalNotificationServiceExtension" */ = {
			isa = XCConfigurationList;
			buildConfigurations = (
				2028CC842A5F33DA00E11C22 /* Debug */,
				2028CC852A5F33DA00E11C22 /* Release */,
			);
			defaultConfigurationIsVisible = 0;
			defaultConfigurationName = Release;
		};
/* End XCConfigurationList section */

/* Begin XCRemoteSwiftPackageReference section */
		2028CC8A2A5F365700E11C22 /* XCRemoteSwiftPackageReference "OneSignal-XCFramework" */ = {
			isa = XCRemoteSwiftPackageReference;
			repositoryURL = "https://github.com/OneSignal/OneSignal-XCFramework";
			requirement = {
				branch = main;
				kind = branch;
			};
		};
/* End XCRemoteSwiftPackageReference section */

/* Begin XCSwiftPackageProductDependency section */
		2028CC8B2A5F365700E11C22 /* OneSignal */ = {
			isa = XCSwiftPackageProductDependency;
			package = 2028CC8A2A5F365700E11C22 /* XCRemoteSwiftPackageReference "OneSignal-XCFramework" */;
			productName = OneSignal;
		};
		2028CC8D2A5F365700E11C22 /* OneSignalExtension */ = {
			isa = XCSwiftPackageProductDependency;
			package = 2028CC8A2A5F365700E11C22 /* XCRemoteSwiftPackageReference "OneSignal-XCFramework" */;
			productName = OneSignalExtension;
		};
/* End XCSwiftPackageProductDependency section */

/* Begin XCVersionGroup section */
		2028CC432A58578F00E11C22 /* Globel_School.xcdatamodeld */ = {
			isa = XCVersionGroup;
			children = (
				2028CC442A58578F00E11C22 /* Globel_School.xcdatamodel */,
			);
			currentVersion = 2028CC442A58578F00E11C22 /* Globel_School.xcdatamodel */;
			path = Globel_School.xcdatamodeld;
			sourceTree = "<group>";
			versionGroupType = wrapper.xcdatamodel;
		};
/* End XCVersionGroup section */
	};
	rootObject = 2028CC2F2A58578F00E11C22 /* Project object */;
}
